
Microsoft Visual Studio Solution File, Format Version 12.00
# Visual Studio Version 17
VisualStudioVersion = 17.9.34701.34
MinimumVisualStudioVersion = 10.0.40219.1
Project("{FAE04EC0-301F-11D3-BF4B-00C04F79EFBC}") = "Bàikt1", "Bàikt1\Bàikt1.csproj", "{F960015F-4C17-49DA-B56A-6C0C2C8C54A3}"
EndProject
Global
	GlobalSection(SolutionConfigurationPlatforms) = preSolution
		Debug|Any CPU = Debug|Any CPU
		Release|Any CPU = Release|Any CPU
	EndGlobalSection
	GlobalSection(ProjectConfigurationPlatforms) = postSolution
		{F960015F-4C17-49DA-B56A-6C0C2C8C54A3}.Debug|Any CPU.ActiveCfg = Debug|Any CPU
		{F960015F-4C17-49DA-B56A-6C0C2C8C54A3}.Debug|Any CPU.Build.0 = Debug|Any CPU
		{F960015F-4C17-49DA-B56A-6C0C2C8C54A3}.Release|Any CPU.ActiveCfg = Release|Any CPU
		{F960015F-4C17-49DA-B56A-6C0C2C8C54A3}.Release|Any CPU.Build.0 = Release|Any CPU
	EndGlobalSection
	GlobalSection(SolutionProperties) = preSolution
		HideSolutionNode = FALSE
	EndGlobalSection
	GlobalSection(ExtensibilityGlobals) = postSolution
		SolutionGuid = {97E9F74A-E8EA-47E0-861C-1BD5299A2154}
	EndGlobalSection
EndGlobal
